{
  "name": "typeless-toolkit",
  "version": "1.3.1",
  "lockfileVersion": 3,
  "requires": true,
  "packages": {
    "": {
      "name": "typeless-toolkit",
      "version": "1.3.1",
      "license": "MIT",
      "dependencies": {
        "@electron/fuses": "^2.1.3",
        "ws": "^8.21.0"
      }
    },
    "node_modules/@electron/fuses": {
      "version": "2.1.3",
      "resolved": "https://registry.npmjs.org/@electron/fuses/-/fuses-2.1.3.tgz",
      "integrity": "sha512-LoKJUXNiJ4JM8IIrUltSHI+8pkogaGj5wmJx81jE/Wk3g2w1/kfMbTEKNoY5kitGE8hiC12h32R/1SlywFtxXg==",
      "license": "MIT",
      "bin": {
        "electron-fuses": "dist/bin.js"
      },
      "engines": {
        "node": ">=22.12.0"
      }
    },
    "node_modules/ws": {
      "version": "8.21.0",
      "resolved": "https://registry.npmjs.org/ws/-/ws-8.21.0.tgz",
      "integrity": "sha512-Vsp28b7DRcimFQvrqu2Wek3z1iYxDCWqHYB8Qsnk/S4RfaCQzPGPyBNuVjJV3cd6UiKtUtp6sNM77gWvzcCH+g==",
      "license": "MIT",
      "engines": {
        "node": ">=10.0.0"
      },
      "peerDependencies": {
        "bufferutil": "^4.0.1",
        "utf-8-validate": ">=5.0.2"
      },
      "peerDependenciesMeta": {
        "bufferutil": {
          "optional": true
        },
        "utf-8-validate": {
          "optional": true
        }
      }
    }
  }
}
